// !$*UTF8*$!
{
	archiveVersion = 1;
	classes = {
	};
	objectVersion = 56;
	objects = {

/* Begin PBXBuildFile section */
		D61DC23B2BDA81FD0015F3D4 /* Helper.swift in Sources */ = {isa = PBXBuildFile; fileRef = D61DC23A2BDA81FD0015F3D4 /* Helper.swift */; };
		D68077AA2BDAEDE0004F2AB9 /* PlaceDetails.swift in Sources */ = {isa = PBXBuildFile; fileRef = D68077A92BDAEDE0004F2AB9 /* PlaceDetails.swift */; };
		D68077AD2BDAEE35004F2AB9 /* PlaceViewModel.swift in Sources */ = {isa = PBXBuildFile; fileRef = D68077AC2BDAEE35004F2AB9 /* PlaceViewModel.swift */; };
		D6D455602BD452900030CF0B /* CurrentPlaceApp.swift in Sources */ = {isa = PBXBuildFile; fileRef = D6D4555F2BD452900030CF0B /* CurrentPlaceApp.swift */; };
		D6D455622BD452900030CF0B /* ContentView.swift in Sources */ = {isa = PBXBuildFile; fileRef = D6D455612BD452900030CF0B /* ContentView.swift */; };
		D6D455642BD452920030CF0B /* Assets.xcassets in Resources */ = {isa = PBXBuildFile; fileRef = D6D455632BD452920030CF0B /* Assets.xcassets */; };
		D6D455672BD452920030CF0B /* Preview Assets.xcassets in Resources */ = {isa = PBXBuildFile; fileRef = D6D455662BD452920030CF0B /* Preview Assets.xcassets */; };
		D6D455712BD452920030CF0B /* CurrentPlaceTests.swift in Sources */ = {isa = PBXBuildFile; fileRef = D6D455702BD452920030CF0B /* CurrentPlaceTests.swift */; };
		D6D4557B2BD452920030CF0B /* CurrentPlaceUITests.swift in Sources */ = {isa = PBXBuildFile; fileRef = D6D4557A2BD452920030CF0B /* CurrentPlaceUITests.swift */; };
		D6D4557D2BD452920030CF0B /* CurrentPlaceUITestsLaunchTests.swift in Sources */ = {isa = PBXBuildFile; fileRef = D6D4557C2BD452920030CF0B /* CurrentPlaceUITestsLaunchTests.swift */; };
		D6D4558A2BD4531A0030CF0B /* LocationManager.swift in Sources */ = {isa = PBXBuildFile; fileRef = D6D455892BD4531A0030CF0B /* LocationManager.swift */; };
		D6D4558E2BD4593D0030CF0B /* MapView.swift in Sources */ = {isa = PBXBuildFile; fileRef = D6D4558D2BD4593D0030CF0B /* MapView.swift */; };
/* End PBXBuildFile section */

/* Begin PBXContainerItemProxy section */
		D6D4556D2BD452920030CF0B /* PBXContainerItemProxy */ = {
			isa = PBXContainerItemProxy;
			containerPortal = D6D455542BD452900030CF0B /* Project object */;
			proxyType = 1;
			remoteGlobalIDString = D6D4555B2BD452900030CF0B;
			remoteInfo = CurrentPlace;
		};
		D6D455772BD452920030CF0B /* PBXContainerItemProxy */ = {
			isa = PBXContainerItemProxy;
			containerPortal = D6D455542BD452900030CF0B /* Project object */;
			proxyType = 1;
			remoteGlobalIDString = D6D4555B2BD452900030CF0B;
			remoteInfo = CurrentPlace;
		};
/* End PBXContainerItemProxy section */

/* Begin PBXFileReference section */
		D61DC23A2BDA81FD0015F3D4 /* Helper.swift */ = {isa = PBXFileReference; lastKnownFileType = sourcecode.swift; path = Helper.swift; sourceTree = "<group>"; };
		D68077A92BDAEDE0004F2AB9 /* PlaceDetails.swift */ = {isa = PBXFileReference; lastKnownFileType = sourcecode.swift; path = PlaceDetails.swift; sourceTree = "<group>"; };
		D68077AC2BDAEE35004F2AB9 /* PlaceViewModel.swift */ = {isa = PBXFileReference; lastKnownFileType = sourcecode.swift; path = PlaceViewModel.swift; sourceTree = "<group>"; };
		D6D4555C2BD452900030CF0B /* CurrentPlace.app */ = {isa = PBXFileReference; explicitFileType = wrapper.application; includeInIndex = 0; path = CurrentPlace.app; sourceTree = BUILT_PRODUCTS_DIR; };
		D6D4555F2BD452900030CF0B /* CurrentPlaceApp.swift */ = {isa = PBXFileReference; lastKnownFileType = sourcecode.swift; path = CurrentPlaceApp.swift; sourceTree = "<group>"; };
		D6D455612BD452900030CF0B /* ContentView.swift */ = {isa = PBXFileReference; lastKnownFileType = sourcecode.swift; path = ContentView.swift; sourceTree = "<group>"; };
		D6D455632BD452920030CF0B /* Assets.xcassets */ = {isa = PBXFileReference; lastKnownFileType = folder.assetcatalog; path = Assets.xcassets; sourceTree = "<group>"; };
		D6D455662BD452920030CF0B /* Preview Assets.xcassets */ = {isa = PBXFileReference; lastKnownFileType = folder.assetcatalog; path = "Preview Assets.xcassets"; sourceTree = "<group>"; };
		D6D4556C2BD452920030CF0B /* CurrentPlaceTests.xctest */ = {isa = PBXFileReference; explicitFileType = wrapper.cfbundle; includeInIndex = 0; path = CurrentPlaceTests.xctest; sourceTree = BUILT_PRODUCTS_DIR; };
		D6D455702BD452920030CF0B /* CurrentPlaceTests.swift */ = {isa = PBXFileReference; lastKnownFileType = sourcecode.swift; path = CurrentPlaceTests.swift; sourceTree = "<group>"; };
		D6D455762BD452920030CF0B /* CurrentPlaceUITests.xctest */ = {isa = PBXFileReference; explicitFileType = wrapper.cfbundle; includeInIndex = 0; path = CurrentPlaceUITests.xctest; sourceTree = BUILT_PRODUCTS_DIR; };
		D6D4557A2BD452920030CF0B /* CurrentPlaceUITests.swift */ = {isa = PBXFileReference; lastKnownFileType = sourcecode.swift; path = CurrentPlaceUITests.swift; sourceTree = "<group>"; };
		D6D4557C2BD452920030CF0B /* CurrentPlaceUITestsLaunchTests.swift */ = {isa = PBXFileReference; lastKnownFileType = sourcecode.swift; path = CurrentPlaceUITestsLaunchTests.swift; sourceTree = "<group>"; };
		D6D455892BD4531A0030CF0B /* LocationManager.swift */ = {isa = PBXFileReference; lastKnownFileType = sourcecode.swift; path = LocationManager.swift; sourceTree = "<group>"; };
		D6D4558D2BD4593D0030CF0B /* MapView.swift */ = {isa = PBXFileReference; lastKnownFileType = sourcecode.swift; path = MapView.swift; sourceTree = "<group>"; };
/* End PBXFileReference section */

/* Begin PBXFrameworksBuildPhase section */
		D6D455592BD452900030CF0B /* Frameworks */ = {
			isa = PBXFrameworksBuildPhase;
			buildActionMask = 2147483647;
			files = (
			);
			runOnlyForDeploymentPostprocessing = 0;
		};
		D6D455692BD452920030CF0B /* Frameworks */ = {
			isa = PBXFrameworksBuildPhase;
			buildActionMask = 2147483647;
			files = (
			);
			runOnlyForDeploymentPostprocessing = 0;
		};
		D6D455732BD452920030CF0B /* Frameworks */ = {
			isa = PBXFrameworksBuildPhase;
			buildActionMask = 2147483647;
			files = (
			);
			runOnlyForDeploymentPostprocessing = 0;
		};
/* End PBXFrameworksBuildPhase section */

/* Begin PBXGroup section */
		D61DC2392BDA81EE0015F3D4 /* Helper */ = {
			isa = PBXGroup;
			children = (
				D6D455892BD4531A0030CF0B /* LocationManager.swift */,
				D61DC23A2BDA81FD0015F3D4 /* Helper.swift */,
			);
			path = Helper;
			sourceTree = "<group>";
		};
		D68077A82BDAEDCD004F2AB9 /* Model */ = {
			isa = PBXGroup;
			children = (
				D68077A92BDAEDE0004F2AB9 /* PlaceDetails.swift */,
			);
			path = Model;
			sourceTree = "<group>";
		};
		D68077AB2BDAEE23004F2AB9 /* ViewModel */ = {
			isa = PBXGroup;
			children = (
				D68077AC2BDAEE35004F2AB9 /* PlaceViewModel.swift */,
			);
			path = ViewModel;
			sourceTree = "<group>";
		};
		D68077AE2BDAEF96004F2AB9 /* View */ = {
			isa = PBXGroup;
			children = (
				D6D4558D2BD4593D0030CF0B /* MapView.swift */,
			);
			path = View;
			sourceTree = "<group>";
		};
		D6D455532BD452900030CF0B = {
			isa = PBXGroup;
			children = (
				D6D4555E2BD452900030CF0B /* CurrentPlace */,
				D6D4556F2BD452920030CF0B /* CurrentPlaceTests */,
				D6D455792BD452920030CF0B /* CurrentPlaceUITests */,
				D6D4555D2BD452900030CF0B /* Products */,
			);
			sourceTree = "<group>";
		};
		D6D4555D2BD452900030CF0B /* Products */ = {
			isa = PBXGroup;
			children = (
				D6D4555C2BD452900030CF0B /* CurrentPlace.app */,
				D6D4556C2BD452920030CF0B /* CurrentPlaceTests.xctest */,
				D6D455762BD452920030CF0B /* CurrentPlaceUITests.xctest */,
			);
			name = Products;
			sourceTree = "<group>";
		};
		D6D4555E2BD452900030CF0B /* CurrentPlace */ = {
			isa = PBXGroup;
			children = (
				D68077AE2BDAEF96004F2AB9 /* View */,
				D68077AB2BDAEE23004F2AB9 /* ViewModel */,
				D68077A82BDAEDCD004F2AB9 /* Model */,
				D61DC2392BDA81EE0015F3D4 /* Helper */,
				D6D4555F2BD452900030CF0B /* CurrentPlaceApp.swift */,
				D6D455612BD452900030CF0B /* ContentView.swift */,
				D6D455632BD452920030CF0B /* Assets.xcassets */,
				D6D455652BD452920030CF0B /* Preview Content */,
			);
			path = CurrentPlace;
			sourceTree = "<group>";
		};
		D6D455652BD452920030CF0B /* Preview Content */ = {
			isa = PBXGroup;
			children = (
				D6D455662BD452920030CF0B /* Preview Assets.xcassets */,
			);
			path = "Preview Content";
			sourceTree = "<group>";
		};
		D6D4556F2BD452920030CF0B /* CurrentPlaceTests */ = {
			isa = PBXGroup;
			children = (
				D6D455702BD452920030CF0B /* CurrentPlaceTests.swift */,
			);
			path = CurrentPlaceTests;
			sourceTree = "<group>";
		};
		D6D455792BD452920030CF0B /* CurrentPlaceUITests */ = {
			isa = PBXGroup;
			children = (
				D6D4557A2BD452920030CF0B /* CurrentPlaceUITests.swift */,
				D6D4557C2BD452920030CF0B /* CurrentPlaceUITestsLaunchTests.swift */,
			);
			path = CurrentPlaceUITests;
			sourceTree = "<group>";
		};
/* End PBXGroup section */

/* Begin PBXNativeTarget section */
		D6D4555B2BD452900030CF0B /* CurrentPlace */ = {
			isa = PBXNativeTarget;
			buildConfigurationList = D6D455802BD452920030CF0B /* Build configuration list for PBXNativeTarget "CurrentPlace" */;
			buildPhases = (
				D6D455582BD452900030CF0B /* Sources */,
				D6D455592BD452900030CF0B /* Frameworks */,
				D6D4555A2BD452900030CF0B /* Resources */,
			);
			buildRules = (
			);
			dependencies = (
			);
			name = CurrentPlace;
			productName = CurrentPlace;
			productReference = D6D4555C2BD452900030CF0B /* CurrentPlace.app */;
			productType = "com.apple.product-type.application";
		};
		D6D4556B2BD452920030CF0B /* CurrentPlaceTests */ = {
			isa = PBXNativeTarget;
			buildConfigurationList = D6D455832BD452920030CF0B /* Build configuration list for PBXNativeTarget "CurrentPlaceTests" */;
			buildPhases = (
				D6D455682BD452920030CF0B /* Sources */,
				D6D455692BD452920030CF0B /* Frameworks */,
				D6D4556A2BD452920030CF0B /* Resources */,
			);
			buildRules = (
			);
			dependencies = (
				D6D4556E2BD452920030CF0B /* PBXTargetDependency */,
			);
			name = CurrentPlaceTests;
			productName = CurrentPlaceTests;
			productReference = D6D4556C2BD452920030CF0B /* CurrentPlaceTests.xctest */;
			productType = "com.apple.product-type.bundle.unit-test";
		};
		D6D455752BD452920030CF0B /* CurrentPlaceUITests */ = {
			isa = PBXNativeTarget;
			buildConfigurationList = D6D455862BD452920030CF0B /* Build configuration list for PBXNativeTarget "CurrentPlaceUITests" */;
			buildPhases = (
				D6D455722BD452920030CF0B /* Sources */,
				D6D455732BD452920030CF0B /* Frameworks */,
				D6D455742BD452920030CF0B /* Resources */,
			);
			buildRules = (
			);
			dependencies = (
				D6D455782BD452920030CF0B /* PBXTargetDependency */,
			);
			name = CurrentPlaceUITests;
			productName = CurrentPlaceUITests;
			productReference = D6D455762BD452920030CF0B /* CurrentPlaceUITests.xctest */;
			productType = "com.apple.product-type.bundle.ui-testing";
		};
/* End PBXNativeTarget section */

/* Begin PBXProject section */
		D6D455542BD452900030CF0B /* Project object */ = {
			isa = PBXProject;
			attributes = {
				BuildIndependentTargetsInParallel = 1;
				LastSwiftUpdateCheck = 1530;
				LastUpgradeCheck = 1530;
				TargetAttributes = {
					D6D4555B2BD452900030CF0B = {
						CreatedOnToolsVersion = 15.3;
					};
					D6D4556B2BD452920030CF0B = {
						CreatedOnToolsVersion = 15.3;
						TestTargetID = D6D4555B2BD452900030CF0B;
					};
					D6D455752BD452920030CF0B = {
						CreatedOnToolsVersion = 15.3;
						TestTargetID = D6D4555B2BD452900030CF0B;
					};
				};
			};
			buildConfigurationList = D6D455572BD452900030CF0B /* Build configuration list for PBXProject "CurrentPlace" */;
			compatibilityVersion = "Xcode 14.0";
			developmentRegion = en;
			hasScannedForEncodings = 0;
			knownRegions = (
				en,
				Base,
			);
			mainGroup = D6D455532BD452900030CF0B;
			productRefGroup = D6D4555D2BD452900030CF0B /* Products */;
			projectDirPath = "";
			projectRoot = "";
			targets = (
				D6D4555B2BD452900030CF0B /* CurrentPlace */,
				D6D4556B2BD452920030CF0B /* CurrentPlaceTests */,
				D6D455752BD452920030CF0B /* CurrentPlaceUITests */,
			);
		};
/* End PBXProject section */

/* Begin PBXResourcesBuildPhase section */
		D6D4555A2BD452900030CF0B /* Resources */ = {
			isa = PBXResourcesBuildPhase;
			buildActionMask = 2147483647;
			files = (
				D6D455672BD452920030CF0B /* Preview Assets.xcassets in Resources */,
				D6D455642BD452920030CF0B /* Assets.xcassets in Resources */,
			);
			runOnlyForDeploymentPostprocessing = 0;
		};
		D6D4556A2BD452920030CF0B /* Resources */ = {
			isa = PBXResourcesBuildPhase;
			buildActionMask = 2147483647;
			files = (
			);
			runOnlyForDeploymentPostprocessing = 0;
		};
		D6D455742BD452920030CF0B /* Resources */ = {
			isa = PBXResourcesBuildPhase;
			buildActionMask = 2147483647;
			files = (
			);
			runOnlyForDeploymentPostprocessing = 0;
		};
/* End PBXResourcesBuildPhase section */

/* Begin PBXSourcesBuildPhase section */
		D6D455582BD452900030CF0B /* Sources */ = {
			isa = PBXSourcesBuildPhase;
			buildActionMask = 2147483647;
			files = (
				D68077AA2BDAEDE0004F2AB9 /* PlaceDetails.swift in Sources */,
				D6D455622BD452900030CF0B /* ContentView.swift in Sources */,
				D6D4558E2BD4593D0030CF0B /* MapView.swift in Sources */,
				D68077AD2BDAEE35004F2AB9 /* PlaceViewModel.swift in Sources */,
				D61DC23B2BDA81FD0015F3D4 /* Helper.swift in Sources */,
				D6D455602BD452900030CF0B /* CurrentPlaceApp.swift in Sources */,
				D6D4558A2BD4531A0030CF0B /* LocationManager.swift in Sources */,
			);
			runOnlyForDeploymentPostprocessing = 0;
		};
		D6D455682BD452920030CF0B /* Sources */ = {
			isa = PBXSourcesBuildPhase;
			buildActionMask = 2147483647;
			files = (
				D6D455712BD452920030CF0B /* CurrentPlaceTests.swift in Sources */,
			);
			runOnlyForDeploymentPostprocessing = 0;
		};
		D6D455722BD452920030CF0B /* Sources */ = {
			isa = PBXSourcesBuildPhase;
			buildActionMask = 2147483647;
			files = (
				D6D4557D2BD452920030CF0B /* CurrentPlaceUITestsLaunchTests.swift in Sources */,
				D6D4557B2BD452920030CF0B /* CurrentPlaceUITests.swift in Sources */,
			);
			runOnlyForDeploymentPostprocessing = 0;
		};
/* End PBXSourcesBuildPhase section */

/* Begin PBXTargetDependency section */
		D6D4556E2BD452920030CF0B /* PBXTargetDependency */ = {
			isa = PBXTargetDependency;
			target = D6D4555B2BD452900030CF0B /* CurrentPlace */;
			targetProxy = D6D4556D2BD452920030CF0B /* PBXContainerItemProxy */;
		};
		D6D455782BD452920030CF0B /* PBXTargetDependency */ = {
			isa = PBXTargetDependency;
			target = D6D4555B2BD452900030CF0B /* CurrentPlace */;
			targetProxy = D6D455772BD452920030CF0B /* PBXContainerItemProxy */;
		};
/* End PBXTargetDependency section */

/* Begin XCBuildConfiguration section */
		D6D4557E2BD452920030CF0B /* Debug */ = {
			isa = XCBuildConfiguration;
			buildSettings = {
				ALWAYS_SEARCH_USER_PATHS = NO;
				ASSETCATALOG_COMPILER_GENERATE_SWIFT_ASSET_SYMBOL_EXTENSIONS = YES;
				CLANG_ANALYZER_NONNULL = YES;
				CLANG_ANALYZER_NUMBER_OBJECT_CONVERSION = YES_AGGRESSIVE;
				CLANG_CXX_LANGUAGE_STANDARD = "gnu++20";
				CLANG_ENABLE_MODULES = YES;
				CLANG_ENABLE_OBJC_ARC = YES;
				CLANG_ENABLE_OBJC_WEAK = YES;
				CLANG_WARN_BLOCK_CAPTURE_AUTORELEASING = YES;
				CLANG_WARN_BOOL_CONVERSION = YES;
				CLANG_WARN_COMMA = YES;
				CLANG_WARN_CONSTANT_CONVERSION = YES;
				CLANG_WARN_DEPRECATED_OBJC_IMPLEMENTATIONS = YES;
				CLANG_WARN_DIRECT_OBJC_ISA_USAGE = YES_ERROR;
				CLANG_WARN_DOCUMENTATION_COMMENTS = YES;
				CLANG_WARN_EMPTY_BODY = YES;
				CLANG_WARN_ENUM_CONVERSION = YES;
				CLANG_WARN_INFINITE_RECURSION = YES;
				CLANG_WARN_INT_CONVERSION = YES;
				CLANG_WARN_NON_LITERAL_NULL_CONVERSION = YES;
				CLANG_WARN_OBJC_IMPLICIT_RETAIN_SELF = YES;
				CLANG_WARN_OBJC_LITERAL_CONVERSION = YES;
				CLANG_WARN_OBJC_ROOT_CLASS = YES_ERROR;
				CLANG_WARN_QUOTED_INCLUDE_IN_FRAMEWORK_HEADER = YES;
				CLANG_WARN_RANGE_LOOP_ANALYSIS = YES;
				CLANG_WARN_STRICT_PROTOTYPES = YES;
				CLANG_WARN_SUSPICIOUS_MOVE = YES;
				CLANG_WARN_UNGUARDED_AVAILABILITY = YES_AGGRESSIVE;
				CLANG_WARN_UNREACHABLE_CODE = YES;
				CLANG_WARN__DUPLICATE_METHOD_MATCH = YES;
				COPY_PHASE_STRIP = NO;
				DEBUG_INFORMATION_FORMAT = dwarf;
				ENABLE_STRICT_OBJC_MSGSEND = YES;
				ENABLE_TESTABILITY = YES;
				ENABLE_USER_SCRIPT_SANDBOXING = YES;
				GCC_C_LANGUAGE_STANDARD = gnu17;
				GCC_DYNAMIC_NO_PIC = NO;
				GCC_NO_COMMON_BLOCKS = YES;
				GCC_OPTIMIZATION_LEVEL = 0;
				GCC_PREPROCESSOR_DEFINITIONS = (
					"DEBUG=1",
					"$(inherited)",
				);
				GCC_WARN_64_TO_32_BIT_CONVERSION = YES;
				GCC_WARN_ABOUT_RETURN_TYPE = YES_ERROR;
				GCC_WARN_UNDECLARED_SELECTOR = YES;
				GCC_WARN_UNINITIALIZED_AUTOS = YES_AGGRESSIVE;
				GCC_WARN_UNUSED_FUNCTION = YES;
				GCC_WARN_UNUSED_VARIABLE = YES;
				IPHONEOS_DEPLOYMENT_TARGET = 17.4;
				LOCALIZATION_PREFERS_STRING_CATALOGS = YES;
				MTL_ENABLE_DEBUG_INFO = INCLUDE_SOURCE;
				MTL_FAST_MATH = YES;
				ONLY_ACTIVE_ARCH = YES;
				SDKROOT = iphoneos;
				SWIFT_ACTIVE_COMPILATION_CONDITIONS = "DEBUG $(inherited)";
				SWIFT_OPTIMIZATION_LEVEL = "-Onone";
			};
			name = Debug;
		};
		D6D4557F2BD452920030CF0B /* Release */ = {
			isa = XCBuildConfiguration;
			buildSettings = {
				ALWAYS_SEARCH_USER_PATHS = NO;
				ASSETCATALOG_COMPILER_GENERATE_SWIFT_ASSET_SYMBOL_EXTENSIONS = YES;
				CLANG_ANALYZER_NONNULL = YES;
				CLANG_ANALYZER_NUMBER_OBJECT_CONVERSION = YES_AGGRESSIVE;
				CLANG_CXX_LANGUAGE_STANDARD = "gnu++20";
				CLANG_ENABLE_MODULES = YES;
				CLANG_ENABLE_OBJC_ARC = YES;
				CLANG_ENABLE_OBJC_WEAK = YES;
				CLANG_WARN_BLOCK_CAPTURE_AUTORELEASING = YES;
				CLANG_WARN_BOOL_CONVERSION = YES;
				CLANG_WARN_COMMA = YES;
				CLANG_WARN_CONSTANT_CONVERSION = YES;
				CLANG_WARN_DEPRECATED_OBJC_IMPLEMENTATIONS = YES;
				CLANG_WARN_DIRECT_OBJC_ISA_USAGE = YES_ERROR;
				CLANG_WARN_DOCUMENTATION_COMMENTS = YES;
				CLANG_WARN_EMPTY_BODY = YES;
				CLANG_WARN_ENUM_CONVERSION = YES;
				CLANG_WARN_INFINITE_RECURSION = YES;
				CLANG_WARN_INT_CONVERSION = YES;
				CLANG_WARN_NON_LITERAL_NULL_CONVERSION = YES;
				CLANG_WARN_OBJC_IMPLICIT_RETAIN_SELF = YES;
				CLANG_WARN_OBJC_LITERAL_CONVERSION = YES;
				CLANG_WARN_OBJC_ROOT_CLASS = YES_ERROR;
				CLANG_WARN_QUOTED_INCLUDE_IN_FRAMEWORK_HEADER = YES;
				CLANG_WARN_RANGE_LOOP_ANALYSIS = YES;
				CLANG_WARN_STRICT_PROTOTYPES = YES;
				CLANG_WARN_SUSPICIOUS_MOVE = YES;
				CLANG_WARN_UNGUARDED_AVAILABILITY = YES_AGGRESSIVE;
				CLANG_WARN_UNREACHABLE_CODE = YES;
				CLANG_WARN__DUPLICATE_METHOD_MATCH = YES;
				COPY_PHASE_STRIP = NO;
				DEBUG_INFORMATION_FORMAT = "dwarf-with-dsym";
				ENABLE_NS_ASSERTIONS = NO;
				ENABLE_STRICT_OBJC_MSGSEND = YES;
				ENABLE_USER_SCRIPT_SANDBOXING = YES;
				GCC_C_LANGUAGE_STANDARD = gnu17;
				GCC_NO_COMMON_BLOCKS = YES;
				GCC_WARN_64_TO_32_BIT_CONVERSION = YES;
				GCC_WARN_ABOUT_RETURN_TYPE = YES_ERROR;
				GCC_WARN_UNDECLARED_SELECTOR = YES;
				GCC_WARN_UNINITIALIZED_AUTOS = YES_AGGRESSIVE;
				GCC_WARN_UNUSED_FUNCTION = YES;
				GCC_WARN_UNUSED_VARIABLE = YES;
				IPHONEOS_DEPLOYMENT_TARGET = 17.4;
				LOCALIZATION_PREFERS_STRING_CATALOGS = YES;
				MTL_ENABLE_DEBUG_INFO = NO;
				MTL_FAST_MATH = YES;
				SDKROOT = iphoneos;
				SWIFT_COMPILATION_MODE = wholemodule;
				VALIDATE_PRODUCT = YES;
			};
			name = Release;
		};
		D6D455812BD452920030CF0B /* Debug */ = {
			isa = XCBuildConfiguration;
			buildSettings = {
				ASSETCATALOG_COMPILER_APPICON_NAME = AppIcon;
				ASSETCATALOG_COMPILER_GLOBAL_ACCENT_COLOR_NAME = AccentColor;
				CODE_SIGN_STYLE = Automatic;
				CURRENT_PROJECT_VERSION = 1;
				DEVELOPMENT_ASSET_PATHS = "\"CurrentPlace/Preview Content\"";
				DEVELOPMENT_TEAM = K6LJCT8RAA;
				ENABLE_PREVIEWS = YES;
				GENERATE_INFOPLIST_FILE = YES;
				INFOPLIST_KEY_NSLocationAlwaysAndWhenInUseUsageDescription = "Location Always and When in Use Usage";
				INFOPLIST_KEY_NSLocationAlwaysUsageDescription = "Location Always Usage";
				INFOPLIST_KEY_NSLocationUsageDescription = "Location Usage";
				INFOPLIST_KEY_NSLocationWhenInUseUsageDescription = " Location When in Usage";
				INFOPLIST_KEY_UIApplicationSceneManifest_Generation = YES;
				INFOPLIST_KEY_UIApplicationSupportsIndirectInputEvents = YES;
				INFOPLIST_KEY_UILaunchScreen_Generation = YES;
				INFOPLIST_KEY_UISupportedInterfaceOrientations_iPad = "UIInterfaceOrientationPortrait UIInterfaceOrientationPortraitUpsideDown UIInterfaceOrientationLandscapeLeft UIInterfaceOrientationLandscapeRight";
				INFOPLIST_KEY_UISupportedInterfaceOrientations_iPhone = "UIInterfaceOrientationPortrait UIInterfaceOrientationLandscapeLeft UIInterfaceOrientationLandscapeRight";
				IPHONEOS_DEPLOYMENT_TARGET = 15.2;
				LD_RUNPATH_SEARCH_PATHS = (
					"$(inherited)",
					"@executable_path/Frameworks",
				);
				MARKETING_VERSION = 1.0;
				PRODUCT_BUNDLE_IDENTIFIER = com.template.CurrentPlace;
				PRODUCT_NAME = "$(TARGET_NAME)";
				SWIFT_EMIT_LOC_STRINGS = YES;
				SWIFT_VERSION = 5.0;
				TARGETED_DEVICE_FAMILY = "1,2";
			};
			name = Debug;
		};
		D6D455822BD452920030CF0B /* Release */ = {
			isa = XCBuildConfiguration;
			buildSettings = {
				ASSETCATALOG_COMPILER_APPICON_NAME = AppIcon;
				ASSETCATALOG_COMPILER_GLOBAL_ACCENT_COLOR_NAME = AccentColor;
				CODE_SIGN_STYLE = Automatic;
				CURRENT_PROJECT_VERSION = 1;
				DEVELOPMENT_ASSET_PATHS = "\"CurrentPlace/Preview Content\"";
				DEVELOPMENT_TEAM = K6LJCT8RAA;
				ENABLE_PREVIEWS = YES;
				GENERATE_INFOPLIST_FILE = YES;
				INFOPLIST_KEY_NSLocationAlwaysAndWhenInUseUsageDescription = "Location Always and When in Use Usage";
				INFOPLIST_KEY_NSLocationAlwaysUsageDescription = "Location Always Usage";
				INFOPLIST_KEY_NSLocationUsageDescription = "Location Usage";
				INFOPLIST_KEY_NSLocationWhenInUseUsageDescription = " Location When in Usage";
				INFOPLIST_KEY_UIApplicationSceneManifest_Generation = YES;
				INFOPLIST_KEY_UIApplicationSupportsIndirectInputEvents = YES;
				INFOPLIST_KEY_UILaunchScreen_Generation = YES;
				INFOPLIST_KEY_UISupportedInterfaceOrientations_iPad = "UIInterfaceOrientationPortrait UIInterfaceOrientationPortraitUpsideDown UIInterfaceOrientationLandscapeLeft UIInterfaceOrientationLandscapeRight";
				INFOPLIST_KEY_UISupportedInterfaceOrientations_iPhone = "UIInterfaceOrientationPortrait UIInterfaceOrientationLandscapeLeft UIInterfaceOrientationLandscapeRight";
				IPHONEOS_DEPLOYMENT_TARGET = 15.2;
				LD_RUNPATH_SEARCH_PATHS = (
					"$(inherited)",
					"@executable_path/Frameworks",
				);
				MARKETING_VERSION = 1.0;
				PRODUCT_BUNDLE_IDENTIFIER = com.template.CurrentPlace;
				PRODUCT_NAME = "$(TARGET_NAME)";
				SWIFT_EMIT_LOC_STRINGS = YES;
				SWIFT_VERSION = 5.0;
				TARGETED_DEVICE_FAMILY = "1,2";
			};
			name = Release;
		};
		D6D455842BD452920030CF0B /* Debug */ = {
			isa = XCBuildConfiguration;
			buildSettings = {
				ALWAYS_EMBED_SWIFT_STANDARD_LIBRARIES = YES;
				BUNDLE_LOADER = "$(TEST_HOST)";
				CODE_SIGN_STYLE = Automatic;
				CURRENT_PROJECT_VERSION = 1;
				DEVELOPMENT_TEAM = K6LJCT8RAA;
				GENERATE_INFOPLIST_FILE = YES;
				IPHONEOS_DEPLOYMENT_TARGET = 17.4;
				MARKETING_VERSION = 1.0;
				PRODUCT_BUNDLE_IDENTIFIER = com.template.CurrentPlaceTests;
				PRODUCT_NAME = "$(TARGET_NAME)";
				SWIFT_EMIT_LOC_STRINGS = NO;
				SWIFT_VERSION = 5.0;
				TARGETED_DEVICE_FAMILY = "1,2";
				TEST_HOST = "$(BUILT_PRODUCTS_DIR)/CurrentPlace.app/$(BUNDLE_EXECUTABLE_FOLDER_PATH)/CurrentPlace";
			};
			name = Debug;
		};
		D6D455852BD452920030CF0B /* Release */ = {
			isa = XCBuildConfiguration;
			buildSettings = {
				ALWAYS_EMBED_SWIFT_STANDARD_LIBRARIES = YES;
				BUNDLE_LOADER = "$(TEST_HOST)";
				CODE_SIGN_STYLE = Automatic;
				CURRENT_PROJECT_VERSION = 1;
				DEVELOPMENT_TEAM = K6LJCT8RAA;
				GENERATE_INFOPLIST_FILE = YES;
				IPHONEOS_DEPLOYMENT_TARGET = 17.4;
				MARKETING_VERSION = 1.0;
				PRODUCT_BUNDLE_IDENTIFIER = com.template.CurrentPlaceTests;
				PRODUCT_NAME = "$(TARGET_NAME)";
				SWIFT_EMIT_LOC_STRINGS = NO;
				SWIFT_VERSION = 5.0;
				TARGETED_DEVICE_FAMILY = "1,2";
				TEST_HOST = "$(BUILT_PRODUCTS_DIR)/CurrentPlace.app/$(BUNDLE_EXECUTABLE_FOLDER_PATH)/CurrentPlace";
			};
			name = Release;
		};
		D6D455872BD452920030CF0B /* Debug */ = {
			isa = XCBuildConfiguration;
			buildSettings = {
				ALWAYS_EMBED_SWIFT_STANDARD_LIBRARIES = YES;
				CODE_SIGN_STYLE = Automatic;
				CURRENT_PROJECT_VERSION = 1;
				DEVELOPMENT_TEAM = K6LJCT8RAA;
				GENERATE_INFOPLIST_FILE = YES;
				MARKETING_VERSION = 1.0;
				PRODUCT_BUNDLE_IDENTIFIER = com.template.CurrentPlaceUITests;
				PRODUCT_NAME = "$(TARGET_NAME)";
				SWIFT_EMIT_LOC_STRINGS = NO;
				SWIFT_VERSION = 5.0;
				TARGETED_DEVICE_FAMILY = "1,2";
				TEST_TARGET_NAME = CurrentPlace;
			};
			name = Debug;
		};
		D6D455882BD452920030CF0B /* Release */ = {
			isa = XCBuildConfiguration;
			buildSettings = {
				ALWAYS_EMBED_SWIFT_STANDARD_LIBRARIES = YES;
				CODE_SIGN_STYLE = Automatic;
				CURRENT_PROJECT_VERSION = 1;
				DEVELOPMENT_TEAM = K6LJCT8RAA;
				GENERATE_INFOPLIST_FILE = YES;
				MARKETING_VERSION = 1.0;
				PRODUCT_BUNDLE_IDENTIFIER = com.template.CurrentPlaceUITests;
				PRODUCT_NAME = "$(TARGET_NAME)";
				SWIFT_EMIT_LOC_STRINGS = NO;
				SWIFT_VERSION = 5.0;
				TARGETED_DEVICE_FAMILY = "1,2";
				TEST_TARGET_NAME = CurrentPlace;
			};
			name = Release;
		};
/* End XCBuildConfiguration section */

/* Begin XCConfigurationList section */
		D6D455572BD452900030CF0B /* Build configuration list for PBXProject "CurrentPlace" */ = {
			isa = XCConfigurationList;
			buildConfigurations = (
				D6D4557E2BD452920030CF0B /* Debug */,
				D6D4557F2BD452920030CF0B /* Release */,
			);
			defaultConfigurationIsVisible = 0;
			defaultConfigurationName = Release;
		};
		D6D455802BD452920030CF0B /* Build configuration list for PBXNativeTarget "CurrentPlace" */ = {
			isa = XCConfigurationList;
			buildConfigurations = (
				D6D455812BD452920030CF0B /* Debug */,
				D6D455822BD452920030CF0B /* Release */,
			);
			defaultConfigurationIsVisible = 0;
			defaultConfigurationName = Release;
		};
		D6D455832BD452920030CF0B /* Build configuration list for PBXNativeTarget "CurrentPlaceTests" */ = {
			isa = XCConfigurationList;
			buildConfigurations = (
				D6D455842BD452920030CF0B /* Debug */,
				D6D455852BD452920030CF0B /* Release */,
			);
			defaultConfigurationIsVisible = 0;
			defaultConfigurationName = Release;
		};
		D6D455862BD452920030CF0B /* Build configuration list for PBXNativeTarget "CurrentPlaceUITests" */ = {
			isa = XCConfigurationList;
			buildConfigurations = (
				D6D455872BD452920030CF0B /* Debug */,
				D6D455882BD452920030CF0B /* Release */,
			);
			defaultConfigurationIsVisible = 0;
			defaultConfigurationName = Release;
		};
/* End XCConfigurationList section */
	};
	rootObject = D6D455542BD452900030CF0B /* Project object */;
}
